{
  "requires": true,
  "lockfileVersion": 1,
  "dependencies": {
    "first-input-delay": {
      "version": "0.1.3",
      "resolved": "https://registry.npmjs.org/first-input-delay/-/first-input-delay-0.1.3.tgz",
      "integrity": "sha512-hZ1mI+BWYIBr8jlp2bDPnRvnmSICBxpZRwdc0nhiQn2uyMxSKZEBbkO8V0/s26AMeX8p/AD4g09+liRrhXvKKQ==",
      "dev": true
    }
  }
}
